
Microsoft Visual Studio Solution File, Format Version 12.00
# Visual Studio Version 17
VisualStudioVersion = 17.8.34316.72
MinimumVisualStudioVersion = 10.0.40219.1
Project("{2150E333-8FDC-42A3-9474-1A3956D46DE8}") = "Infrastructure", "Infrastructure", "{A126E5AB-1F75-43C8-9BCD-2DF42DEB520C}"
EndProject
Project("{2150E333-8FDC-42A3-9474-1A3956D46DE8}") = "Presentation", "Presentation", "{753ADA9F-9533-408A-8F15-4C54471E44B5}"
EndProject
Project("{2150E333-8FDC-42A3-9474-1A3956D46DE8}") = "Core", "Core", "{E3B42DF9-ED54-4B5D-B9A2-9F772029223C}"
EndProject
Project("{9A19103F-16F7-4668-BE54-9A1E7A4F7556}") = "JC.DataAccess.Contracts", "JC.DataAccess.Contracts\JC.DataAccess.Contracts.csproj", "{7C213328-DCF8-4B04-9A9E-5EE39D1EFBA9}"
EndProject
Project("{9A19103F-16F7-4668-BE54-9A1E7A4F7556}") = "JC.BusinessObject", "JC.BusinessObject\JC.BusinessObject.csproj", "{AD3CBE9D-000A-41F2-B433-56694285A622}"
EndProject
Project("{9A19103F-16F7-4668-BE54-9A1E7A4F7556}") = "JC.DataAccess.SQL", "JC.DataAccess.SQL\JC.DataAccess.SQL.csproj", "{EC09C715-0B96-40AE-B507-42428B454E6C}"
EndProject
Project("{2150E333-8FDC-42A3-9474-1A3956D46DE8}") = "Data", "Data", "{23A0541D-6380-4787-AF40-280CD4C27FD8}"
	ProjectSection(SolutionItems) = preProject
		DbScript.sql = DbScript.sql
	EndProjectSection
EndProject
Project("{9A19103F-16F7-4668-BE54-9A1E7A4F7556}") = "JC.BusinessLogic", "JC.BusinessLogic\JC.BusinessLogic.csproj", "{9C325B79-5B4E-435F-93A1-DE45BDD5F557}"
EndProject
Project("{9A19103F-16F7-4668-BE54-9A1E7A4F7556}") = "JC.DataAccess", "JC.DataAccess\JC.DataAccess.csproj", "{222FBBE9-37C4-4F11-8DAF-BF1CE0BDFFFE}"
EndProject
Project("{2150E333-8FDC-42A3-9474-1A3956D46DE8}") = "Testing", "Testing", "{9BF4FA33-90CD-4552-8B9C-D632EA728267}"
EndProject
Project("{FAE04EC0-301F-11D3-BF4B-00C04F79EFBC}") = "JC.UnitTest", "JC.UnitTest\JC.UnitTest.csproj", "{51FCA94E-F373-4452-A2D8-CA75D2A4111D}"
EndProject
Global
	GlobalSection(SolutionConfigurationPlatforms) = preSolution
		Debug|Any CPU = Debug|Any CPU
		Release|Any CPU = Release|Any CPU
	EndGlobalSection
	GlobalSection(ProjectConfigurationPlatforms) = postSolution
		{7C213328-DCF8-4B04-9A9E-5EE39D1EFBA9}.Debug|Any CPU.ActiveCfg = Debug|Any CPU
		{7C213328-DCF8-4B04-9A9E-5EE39D1EFBA9}.Debug|Any CPU.Build.0 = Debug|Any CPU
		{7C213328-DCF8-4B04-9A9E-5EE39D1EFBA9}.Release|Any CPU.ActiveCfg = Release|Any CPU
		{7C213328-DCF8-4B04-9A9E-5EE39D1EFBA9}.Release|Any CPU.Build.0 = Release|Any CPU
		{AD3CBE9D-000A-41F2-B433-56694285A622}.Debug|Any CPU.ActiveCfg = Debug|Any CPU
		{AD3CBE9D-000A-41F2-B433-56694285A622}.Debug|Any CPU.Build.0 = Debug|Any CPU
		{AD3CBE9D-000A-41F2-B433-56694285A622}.Release|Any CPU.ActiveCfg = Release|Any CPU
		{AD3CBE9D-000A-41F2-B433-56694285A622}.Release|Any CPU.Build.0 = Release|Any CPU
		{EC09C715-0B96-40AE-B507-42428B454E6C}.Debug|Any CPU.ActiveCfg = Debug|Any CPU
		{EC09C715-0B96-40AE-B507-42428B454E6C}.Debug|Any CPU.Build.0 = Debug|Any CPU
		{EC09C715-0B96-40AE-B507-42428B454E6C}.Release|Any CPU.ActiveCfg = Release|Any CPU
		{EC09C715-0B96-40AE-B507-42428B454E6C}.Release|Any CPU.Build.0 = Release|Any CPU
		{9C325B79-5B4E-435F-93A1-DE45BDD5F557}.Debug|Any CPU.ActiveCfg = Debug|Any CPU
		{9C325B79-5B4E-435F-93A1-DE45BDD5F557}.Debug|Any CPU.Build.0 = Debug|Any CPU
		{9C325B79-5B4E-435F-93A1-DE45BDD5F557}.Release|Any CPU.ActiveCfg = Release|Any CPU
		{9C325B79-5B4E-435F-93A1-DE45BDD5F557}.Release|Any CPU.Build.0 = Release|Any CPU
		{222FBBE9-37C4-4F11-8DAF-BF1CE0BDFFFE}.Debug|Any CPU.ActiveCfg = Debug|Any CPU
		{222FBBE9-37C4-4F11-8DAF-BF1CE0BDFFFE}.Debug|Any CPU.Build.0 = Debug|Any CPU
		{222FBBE9-37C4-4F11-8DAF-BF1CE0BDFFFE}.Release|Any CPU.ActiveCfg = Release|Any CPU
		{222FBBE9-37C4-4F11-8DAF-BF1CE0BDFFFE}.Release|Any CPU.Build.0 = Release|Any CPU
		{51FCA94E-F373-4452-A2D8-CA75D2A4111D}.Debug|Any CPU.ActiveCfg = Debug|Any CPU
		{51FCA94E-F373-4452-A2D8-CA75D2A4111D}.Debug|Any CPU.Build.0 = Debug|Any CPU
		{51FCA94E-F373-4452-A2D8-CA75D2A4111D}.Release|Any CPU.ActiveCfg = Release|Any CPU
		{51FCA94E-F373-4452-A2D8-CA75D2A4111D}.Release|Any CPU.Build.0 = Release|Any CPU
	EndGlobalSection
	GlobalSection(SolutionProperties) = preSolution
		HideSolutionNode = FALSE
	EndGlobalSection
	GlobalSection(NestedProjects) = preSolution
		{7C213328-DCF8-4B04-9A9E-5EE39D1EFBA9} = {E3B42DF9-ED54-4B5D-B9A2-9F772029223C}
		{AD3CBE9D-000A-41F2-B433-56694285A622} = {E3B42DF9-ED54-4B5D-B9A2-9F772029223C}
		{EC09C715-0B96-40AE-B507-42428B454E6C} = {A126E5AB-1F75-43C8-9BCD-2DF42DEB520C}
		{9C325B79-5B4E-435F-93A1-DE45BDD5F557} = {E3B42DF9-ED54-4B5D-B9A2-9F772029223C}
		{222FBBE9-37C4-4F11-8DAF-BF1CE0BDFFFE} = {E3B42DF9-ED54-4B5D-B9A2-9F772029223C}
		{51FCA94E-F373-4452-A2D8-CA75D2A4111D} = {9BF4FA33-90CD-4552-8B9C-D632EA728267}
	EndGlobalSection
	GlobalSection(ExtensibilityGlobals) = postSolution
		SolutionGuid = {A3E4BEE6-63A6-4427-97D0-A287A7532802}
	EndGlobalSection
EndGlobal
